{
  "name": "notifier-server",
  "version": "1.1.0",
  "lockfileVersion": 1,
  "requires": true,
  "dependencies": {
    "addressparser": {
      "version": "0.3.2",
      "resolved": "https://registry.npmjs.org/addressparser/-/addressparser-0.3.2.tgz",
      "integrity": "sha1-WYc/Nej89sc2HBAjkmHXbhU0i7I="
    },
    "async": {
      "version": "1.5.2",
      "resolved": "https://registry.npmjs.org/async/-/async-1.5.2.tgz",
      "integrity": "sha1-7GphrlZIDAw8skHJVhjiCJL5Zyo="
    },
    "aws-sdk": {
      "version": "2.0.5",
      "resolved": "https://registry.npmjs.org/aws-sdk/-/aws-sdk-2.0.5.tgz",
      "integrity": "sha1-8+uxiY0GMre2Zy6Nd3KMu7afmMY=",
      "requires": {
        "aws-sdk-apis": "3.x",
        "xml2js": "0.2.6",
        "xmlbuilder": "0.4.2"
      }
    },
    "aws-sdk-apis": {
      "version": "3.1.10",
      "resolved": "https://registry.npmjs.org/aws-sdk-apis/-/aws-sdk-apis-3.1.10.tgz",
      "integrity": "sha1-Tu2X9ZChbPCA/RuNjP3yRy3oqw4="
    },
    "core-util-is": {
      "version": "1.0.2",
      "resolved": "https://registry.npmjs.org/core-util-is/-/core-util-is-1.0.2.tgz",
      "integrity": "sha1-tf1UIgqivFq1eqtxQMlAdUUDwac=",
      "optional": true
    },
    "debug": {
      "version": "2.6.9",
      "resolved": "https://registry.npmjs.org/debug/-/debug-2.6.9.tgz",
      "integrity": "sha512-bC7ElrdJaJnPbAP+1EotYvqZsb3ecl5wi6Bfi6BJTUcNowp6cvspg0jXznRTKDjm/E7AdgFBVeAPVMNcKGsHMA==",
      "requires": {
        "ms": "2.0.0"
      }
    },
    "directmail": {
      "version": "0.1.8",
      "resolved": "https://registry.npmjs.org/directmail/-/directmail-0.1.8.tgz",
      "integrity": "sha1-5IUsigxVGb70kE/Nltdggi9CpEY=",
      "requires": {
        "simplesmtp": "~0.3.30"
      }
    },
    "dkim-signer": {
      "version": "0.1.2",
      "resolved": "https://registry.npmjs.org/dkim-signer/-/dkim-signer-0.1.2.tgz",
      "integrity": "sha1-L/XWHIfY+/9aixMc/8XsO6HCVVM=",
      "requires": {
        "mimelib": "~0.2.15",
        "punycode": "~1.2.4"
      }
    },
    "encoding": {
      "version": "0.1.13",
      "resolved": "https://registry.npmjs.org/encoding/-/encoding-0.1.13.tgz",
      "integrity": "sha512-ETBauow1T35Y/WZMkio9jiM0Z5xjHHmJ4XmjZOq1l/dXz3lr2sRn87nJy20RupqSh1F2m3HHPSp8ShIPQJrJ3A==",
      "requires": {
        "iconv-lite": "^0.6.2"
      }
    },
    "eventemitter2": {
      "version": "0.4.14",
      "resolved": "https://registry.npmjs.org/eventemitter2/-/eventemitter2-0.4.14.tgz",
      "integrity": "sha1-j2G3XN4BKy6esoTUVFWDtWQ7Yas="
    },
    "follow-redirects": {
      "version": "0.0.3",
      "resolved": "https://registry.npmjs.org/follow-redirects/-/follow-redirects-0.0.3.tgz",
      "integrity": "sha1-bOZ6JNsf4T8ibBFxpyp+8rF7j2U=",
      "requires": {
        "underscore": "^1.12.1"
      }
    },
    "git-notifier": {
      "version": "2.1.0",
      "resolved": "https://registry.npmjs.org/git-notifier/-/git-notifier-2.1.0.tgz",
      "integrity": "sha1-W8e3ZO9f9gCqLFlnBnMB655tGLo=",
      "requires": {
        "eventemitter2": "0.4.14"
      }
    },
    "he": {
      "version": "0.3.6",
      "resolved": "https://registry.npmjs.org/he/-/he-0.3.6.tgz",
      "integrity": "sha1-nXvERud5Y5MzAd1gLVcxy4YRNeA="
    },
    "iconv-lite": {
      "version": "0.6.2",
      "resolved": "https://registry.npmjs.org/iconv-lite/-/iconv-lite-0.6.2.tgz",
      "integrity": "sha512-2y91h5OpQlolefMPmUlivelittSWy0rP+oYVpn6A7GwVHNE8AWzoYOBNmlwks3LobaJxgHCYZAnyNo2GgpNRNQ==",
      "requires": {
        "safer-buffer": ">= 2.1.2 < 3.0.0"
      }
    },
    "inherits": {
      "version": "2.0.4",
      "resolved": "https://registry.npmjs.org/inherits/-/inherits-2.0.4.tgz",
      "integrity": "sha512-k/vGaX4/Yla3WzyMCvTQOXYeIHvqOKtnqBduzTHpzpQZzAskKMhZ2K+EnBiSM9zGSoIFeMpXKxa4dYeZIQqewQ==",
      "optional": true
    },
    "isarray": {
      "version": "0.0.1",
      "resolved": "https://registry.npmjs.org/isarray/-/isarray-0.0.1.tgz",
      "integrity": "sha1-ihis/Kmo9Bd+Cav8YDiTmwXR7t8=",
      "optional": true
    },
    "mailcomposer": {
      "version": "0.2.12",
      "resolved": "https://registry.npmjs.org/mailcomposer/-/mailcomposer-0.2.12.tgz",
      "integrity": "sha1-TQKmBGFq3LRfs203UT9MG9C3VoE=",
      "requires": {
        "dkim-signer": "~0.1.1",
        "follow-redirects": "0.0.3",
        "he": "~0.3.6",
        "mime": "~1.2.11",
        "mimelib": "~0.2.15"
      }
    },
    "mime": {
      "version": "1.2.11",
      "resolved": "https://registry.npmjs.org/mime/-/mime-1.2.11.tgz",
      "integrity": "sha1-WCA+7Ybjpe8XrtK32evUfwpg3RA="
    },
    "mimelib": {
      "version": "0.2.19",
      "resolved": "https://registry.npmjs.org/mimelib/-/mimelib-0.2.19.tgz",
      "integrity": "sha1-N+yQpqx9AJVIUdCywxYY8KSdoO4=",
      "requires": {
        "addressparser": "~0.3.2",
        "encoding": "~0.1.7"
      }
    },
    "ms": {
      "version": "2.0.0",
      "resolved": "https://registry.npmjs.org/ms/-/ms-2.0.0.tgz",
      "integrity": "sha1-VgiurfwAvmwpAd9fmGF4jeDVl8g="
    },
    "nodemailer": {
      "version": "0.7.1",
      "resolved": "https://registry.npmjs.org/nodemailer/-/nodemailer-0.7.1.tgz",
      "integrity": "sha1-HsgZ4kNiIwCgCr50bLXTOJwPMWw=",
      "requires": {
        "aws-sdk": "2.0.5",
        "directmail": "~0.1.7",
        "he": "~0.3.6",
        "mailcomposer": "~0.2.10",
        "public-address": "~0.1.1",
        "readable-stream": "~1.1.9",
        "simplesmtp": "~0.2 || ~0.3.30"
      }
    },
    "optimist": {
      "version": "0.3.4",
      "resolved": "https://registry.npmjs.org/optimist/-/optimist-0.3.4.tgz",
      "integrity": "sha1-TW0L1x/60NpLpPbYdtXusE4HSAs=",
      "requires": {
        "wordwrap": "~0.0.2"
      }
    },
    "public-address": {
      "version": "0.1.2",
      "resolved": "https://registry.npmjs.org/public-address/-/public-address-0.1.2.tgz",
      "integrity": "sha1-+V8+DPKLifllsPGI/RJnrAhWVS8="
    },
    "punycode": {
      "version": "1.2.4",
      "resolved": "https://registry.npmjs.org/punycode/-/punycode-1.2.4.tgz",
      "integrity": "sha1-VACKyXKux0F13vnLpt9/qdORh0A="
    },
    "rai": {
      "version": "0.1.12",
      "resolved": "https://registry.npmjs.org/rai/-/rai-0.1.12.tgz",
      "integrity": "sha1-jM/QFND5YIYw3XPBm45LBXdUpqY="
    },
    "readable-stream": {
      "version": "1.1.14",
      "resolved": "https://registry.npmjs.org/readable-stream/-/readable-stream-1.1.14.tgz",
      "integrity": "sha1-fPTFTvZI44EwhMY23SB54WbAgdk=",
      "optional": true,
      "requires": {
        "core-util-is": "~1.0.0",
        "inherits": "~2.0.1",
        "isarray": "0.0.1",
        "string_decoder": "~0.10.x"
      }
    },
    "safer-buffer": {
      "version": "2.1.2",
      "resolved": "https://registry.npmjs.org/safer-buffer/-/safer-buffer-2.1.2.tgz",
      "integrity": "sha512-YZo3K82SD7Riyi0E1EQPojLz7kpepnSQI9IyPbHHg1XXXevb5dJI7tpyN2ADxGcQbHG7vcyRHk0cbwqcQriUtg=="
    },
    "sax": {
      "version": "0.4.2",
      "resolved": "https://registry.npmjs.org/sax/-/sax-0.4.2.tgz",
      "integrity": "sha1-OfO2AXM9a+yXEFskKipA/Wl4rDw="
    },
    "simplesmtp": {
      "version": "0.3.35",
      "resolved": "https://registry.npmjs.org/simplesmtp/-/simplesmtp-0.3.35.tgz",
      "integrity": "sha1-AXseuLJjF6w20qKoqTJjGIBzagM=",
      "requires": {
        "rai": "~0.1.11",
        "xoauth2": "~0.1.8"
      }
    },
    "string_decoder": {
      "version": "0.10.31",
      "resolved": "https://registry.npmjs.org/string_decoder/-/string_decoder-0.10.31.tgz",
      "integrity": "sha1-YuIDvEF2bGwoyfyEMB2rHFMQ+pQ=",
      "optional": true
    },
    "underscore": {
      "version": "1.12.1",
      "resolved": "https://registry.npmjs.org/underscore/-/underscore-1.12.1.tgz",
      "integrity": "sha512-hEQt0+ZLDVUMhebKxL4x1BTtDY7bavVofhZ9KZ4aI26X9SRaE+Y3m83XUL1UP2jn8ynjndwCCpEHdUG+9pP1Tw=="
    },
    "wordwrap": {
      "version": "0.0.3",
      "resolved": "https://registry.npmjs.org/wordwrap/-/wordwrap-0.0.3.tgz",
      "integrity": "sha1-o9XabNXAvAAI03I0u68b7WMFkQc="
    },
    "xml2js": {
      "version": "0.2.6",
      "resolved": "https://registry.npmjs.org/xml2js/-/xml2js-0.2.6.tgz",
      "integrity": "sha1-0gnE5N2h/JxFIUHvQcB39a399sQ=",
      "requires": {
        "sax": "0.4.2"
      }
    },
    "xmlbuilder": {
      "version": "0.4.2",
      "resolved": "https://registry.npmjs.org/xmlbuilder/-/xmlbuilder-0.4.2.tgz",
      "integrity": "sha1-F3bWXz/brUcKCNhgTN6xxOVA/4M="
    },
    "xoauth2": {
      "version": "0.1.8",
      "resolved": "https://registry.npmjs.org/xoauth2/-/xoauth2-0.1.8.tgz",
      "integrity": "sha1-uRb/EOz7VDIPFvJKPpdRIGU6sNI="
    }
  }
}
